
Microsoft Visual Studio Solution File, Format Version 12.00
# Visual Studio Version 17
VisualStudioVersion = 17.1.32407.343
MinimumVisualStudioVersion = 10.0.40219.1
Project("{2150E333-8FDC-42A3-9474-1A3956D46DE8}") = "FrontEnd", "FrontEnd", "{5453D0FE-D180-4145-9D5B-761087D5CE84}"
EndProject
Project("{2150E333-8FDC-42A3-9474-1A3956D46DE8}") = "Services", "Services", "{8C7E1E83-9229-4D0D-94C7-0345CA368DD5}"
	ProjectSection(SolutionItems) = preProject
		docker-compose.yml = docker-compose.yml
	EndProjectSection
EndProject
Project("{9A19103F-16F7-4668-BE54-9A1E7A4F7556}") = "GeekShopping.Web", "GeekShopping.Web\GeekShopping.Web.csproj", "{F6201D08-D65C-4C2D-8900-F9722C455316}"
EndProject
Project("{9A19103F-16F7-4668-BE54-9A1E7A4F7556}") = "GeekShopping.productAPI", "GeekShopping.productAPI\GeekShopping.productAPI.csproj", "{59D96700-1261-4945-9D6F-CF7A45BD6DC1}"
EndProject
Project("{FAE04EC0-301F-11D3-BF4B-00C04F79EFBC}") = "GeekShopping.IdentityServer", "GeekShopping.IdentityServer\GeekShopping.IdentityServer.csproj", "{F8519B64-9F4B-4DDE-A68F-02A26DB872E5}"
EndProject
Global
	GlobalSection(SolutionConfigurationPlatforms) = preSolution
		Debug|Any CPU = Debug|Any CPU
		Release|Any CPU = Release|Any CPU
	EndGlobalSection
	GlobalSection(ProjectConfigurationPlatforms) = postSolution
		{F6201D08-D65C-4C2D-8900-F9722C455316}.Debug|Any CPU.ActiveCfg = Debug|Any CPU
		{F6201D08-D65C-4C2D-8900-F9722C455316}.Debug|Any CPU.Build.0 = Debug|Any CPU
		{F6201D08-D65C-4C2D-8900-F9722C455316}.Release|Any CPU.ActiveCfg = Release|Any CPU
		{F6201D08-D65C-4C2D-8900-F9722C455316}.Release|Any CPU.Build.0 = Release|Any CPU
		{59D96700-1261-4945-9D6F-CF7A45BD6DC1}.Debug|Any CPU.ActiveCfg = Debug|Any CPU
		{59D96700-1261-4945-9D6F-CF7A45BD6DC1}.Debug|Any CPU.Build.0 = Debug|Any CPU
		{59D96700-1261-4945-9D6F-CF7A45BD6DC1}.Release|Any CPU.ActiveCfg = Release|Any CPU
		{59D96700-1261-4945-9D6F-CF7A45BD6DC1}.Release|Any CPU.Build.0 = Release|Any CPU
		{F8519B64-9F4B-4DDE-A68F-02A26DB872E5}.Debug|Any CPU.ActiveCfg = Debug|Any CPU
		{F8519B64-9F4B-4DDE-A68F-02A26DB872E5}.Debug|Any CPU.Build.0 = Debug|Any CPU
		{F8519B64-9F4B-4DDE-A68F-02A26DB872E5}.Release|Any CPU.ActiveCfg = Release|Any CPU
		{F8519B64-9F4B-4DDE-A68F-02A26DB872E5}.Release|Any CPU.Build.0 = Release|Any CPU
	EndGlobalSection
	GlobalSection(SolutionProperties) = preSolution
		HideSolutionNode = FALSE
	EndGlobalSection
	GlobalSection(NestedProjects) = preSolution
		{F6201D08-D65C-4C2D-8900-F9722C455316} = {5453D0FE-D180-4145-9D5B-761087D5CE84}
		{59D96700-1261-4945-9D6F-CF7A45BD6DC1} = {8C7E1E83-9229-4D0D-94C7-0345CA368DD5}
		{F8519B64-9F4B-4DDE-A68F-02A26DB872E5} = {8C7E1E83-9229-4D0D-94C7-0345CA368DD5}
	EndGlobalSection
	GlobalSection(ExtensibilityGlobals) = postSolution
		SolutionGuid = {A03CB7A8-FFFF-407D-8203-46C960F8BEC6}
	EndGlobalSection
EndGlobal
